{
  "name": "nmspc",
  "version": "0.2.2",
  "lockfileVersion": 1,
  "requires": true,
  "dependencies": {
    "@comunica/actor-abstract-mediatyped": {
      "version": "1.17.0",
      "resolved": "https://registry.npmjs.org/@comunica/actor-abstract-mediatyped/-/actor-abstract-mediatyped-1.17.0.tgz",
      "integrity": "sha512-IojYI3lYqOSf5aXHpVtiWh76+meuS730slmmyYB3AMi30vlxkUu8yQdrNQCywZBDmjBWeMueTLSRhRhpmHmTHg==",
      "dev": true
    },
    "@comunica/actor-http-native": {
      "version": "1.16.2",
      "resolved": "https://registry.npmjs.org/@comunica/actor-http-native/-/actor-http-native-1.16.2.tgz",
      "integrity": "sha512-KhmYTKOmf4QZwd8CVy4f4o6d/LVzBy19JmpOIP1vLcOTAVOXg6KXDT+NEVSoDIc9T5fpKDh91bWuukptUqVjig==",
      "dev": true,
      "requires": {
        "@types/parse-link-header": "^1.0.0",
        "cross-fetch": "^3.0.5",
        "follow-redirects": "^1.5.1",
        "parse-link-header": "^1.0.1"
      }
    },
    "@comunica/actor-rdf-parse-html": {
      "version": "1.15.0",
      "resolved": "https://registry.npmjs.org/@comunica/actor-rdf-parse-html/-/actor-rdf-parse-html-1.15.0.tgz",
      "integrity": "sha512-eC43jtLqY3wfA6aRim83l+3NfoMQCZv/lPP2MvqxY04/Rk77DdqKtKS2GfYrIBc8aqDOoreVgiBQG5TzPzm5Ew==",
      "dev": true,
      "requires": {
        "@types/rdf-js": "^3.0.0",
        "htmlparser2": "^4.0.0"
      }
    },
    "@comunica/actor-rdf-parse-html-rdfa": {
      "version": "1.15.0",
      "resolved": "https://registry.npmjs.org/@comunica/actor-rdf-parse-html-rdfa/-/actor-rdf-parse-html-rdfa-1.15.0.tgz",
      "integrity": "sha512-1rA7YCjY1v7/1oRKzthVw633HZmHux96SQW5j+FIJTvX4GoBvf1seS082HY7WQGRpZVgLxOUxtAOQcp7zT4dHA==",
      "dev": true,
      "requires": {
        "rdfa-streaming-parser": "^1.1.1"
      }
    },
    "@comunica/actor-rdf-parse-html-script": {
      "version": "1.16.1",
      "resolved": "https://registry.npmjs.org/@comunica/actor-rdf-parse-html-script/-/actor-rdf-parse-html-script-1.16.1.tgz",
      "integrity": "sha512-IYagk0RzIQEzj/78KvoICDgOiPnwvj44S/PH2ha++o9Se0FgTxRjHrWTluETiczOcvrV54TeVh0YDYJck+xz/w==",
      "dev": true,
      "requires": {
        "@types/rdf-js": "^3.0.0",
        "relative-to-absolute-iri": "^1.0.5"
      }
    },
    "@comunica/actor-rdf-parse-jsonld": {
      "version": "1.16.0",
      "resolved": "https://registry.npmjs.org/@comunica/actor-rdf-parse-jsonld/-/actor-rdf-parse-jsonld-1.16.0.tgz",
      "integrity": "sha512-LtAIv75bhHe2teN0vjWZ6EkjwnK6Yw56Q1ZuxgrWZLGrbdRF6YZuXglW+IqWeZ45tIUqhweS83k17/9fR3UK5w==",
      "dev": true,
      "requires": {
        "@types/rdf-js": "^3.0.0",
        "jsonld-streaming-parser": "^2.0.2",
        "stream-to-string": "^1.2.0"
      }
    },
    "@comunica/actor-rdf-parse-n3": {
      "version": "1.15.0",
      "resolved": "https://registry.npmjs.org/@comunica/actor-rdf-parse-n3/-/actor-rdf-parse-n3-1.15.0.tgz",
      "integrity": "sha512-YWk7XSDN8GDOFL+u5PtadZmIUzAh5ZUYB/LwXLENeymIgWEaSvJo5H4QqdGmnJFArlgXX2Thk8jTvbtubiNTvw==",
      "dev": true,
      "requires": {
        "@types/n3": "^1.4.2",
        "n3": "^1.0.0"
      }
    },
    "@comunica/actor-rdf-parse-rdfxml": {
      "version": "1.15.0",
      "resolved": "https://registry.npmjs.org/@comunica/actor-rdf-parse-rdfxml/-/actor-rdf-parse-rdfxml-1.15.0.tgz",
      "integrity": "sha512-Rec0dnaTW95Mx91cfQPBkDkgEhoFd9J36FtiJAotLFPOiXp4YsTEZGQNSODTbhchfaTS6HDTFnETQ6GbmutaCQ==",
      "dev": true,
      "requires": {
        "rdfxml-streaming-parser": "^1.1.0"
      }
    },
    "@comunica/actor-rdf-parse-xml-rdfa": {
      "version": "1.15.0",
      "resolved": "https://registry.npmjs.org/@comunica/actor-rdf-parse-xml-rdfa/-/actor-rdf-parse-xml-rdfa-1.15.0.tgz",
      "integrity": "sha512-34CI/f/JQTEfrnxyqB7Y+EhkhW0tTMsHoC8yu+Y6AtSVdj2FYkSR+GmAk9F65JVnm/RC9uh1T7yT5yJMVvmgiQ==",
      "dev": true,
      "requires": {
        "rdfa-streaming-parser": "^1.1.1"
      }
    },
    "@comunica/bus-http": {
      "version": "1.16.0",
      "resolved": "https://registry.npmjs.org/@comunica/bus-http/-/bus-http-1.16.0.tgz",
      "integrity": "sha512-3fWJA3Yh7Wj4clabg141FgAH+m8/InZ+BVPr7BqhO+7Jg0tXbvGDfai8N0SXWL7rCMkWjlPYkBHkzpQ8Dk0HAg==",
      "dev": true,
      "requires": {
        "is-stream": "^2.0.0",
        "web-streams-node": "^0.4.0"
      }
    },
    "@comunica/bus-init": {
      "version": "1.15.0",
      "resolved": "https://registry.npmjs.org/@comunica/bus-init/-/bus-init-1.15.0.tgz",
      "integrity": "sha512-HwVTEznx2H7GvcfQAREz52QF8xXT1AqxkJDnI9vTeGvLpWrM+LVOAJZxBcYFFK3X3bEhTsPfDVzikziMGqZuZw==",
      "dev": true
    },
    "@comunica/bus-rdf-parse": {
      "version": "1.15.0",
      "resolved": "https://registry.npmjs.org/@comunica/bus-rdf-parse/-/bus-rdf-parse-1.15.0.tgz",
      "integrity": "sha512-6cGGUBgorkJ6hr5U235qSrlK1m7rPpIM8W6o9kbRAw149AKap1XFF3OXpAYqat2eB4Cbs1J2PP9wg1/s/uOsww==",
      "dev": true,
      "requires": {
        "@comunica/actor-abstract-mediatyped": "^1.15.0",
        "@types/rdf-js": "^3.0.0"
      }
    },
    "@comunica/bus-rdf-parse-html": {
      "version": "1.15.0",
      "resolved": "https://registry.npmjs.org/@comunica/bus-rdf-parse-html/-/bus-rdf-parse-html-1.15.0.tgz",
      "integrity": "sha512-7F/kDrNf9X//IrO/CK4LpwM5f+mFHLa/wsPc2RubyhiFN3P3KWU6NWxjDJRT9yP85EmW4KknXWwF8AOTvbKF1A==",
      "dev": true,
      "requires": {
        "@types/rdf-js": "^3.0.0"
      }
    },
    "@comunica/core": {
      "version": "1.15.0",
      "resolved": "https://registry.npmjs.org/@comunica/core/-/core-1.15.0.tgz",
      "integrity": "sha512-Mg/fpufyK4hVKX2vgP8oapu4ZpyugNRxyI/1AX7zlhSkYpE+ldK5YQaGG/sb+fq+s2sAtE1Ocd+thCgF4wv+8w==",
      "dev": true,
      "requires": {
        "immutable": "^3.8.2"
      }
    },
    "@comunica/mediator-combine-union": {
      "version": "1.15.0",
      "resolved": "https://registry.npmjs.org/@comunica/mediator-combine-union/-/mediator-combine-union-1.15.0.tgz",
      "integrity": "sha512-TPzfXuKRVBEpjb+/S8v2C8uvgi8BTjtg1htL/qY/xI2fYqRcLZGl+D5MZEESmwpmm19cBfg87CbF+ROn6L3+IQ==",
      "dev": true
    },
    "@comunica/mediator-number": {
      "version": "1.15.0",
      "resolved": "https://registry.npmjs.org/@comunica/mediator-number/-/mediator-number-1.15.0.tgz",
      "integrity": "sha512-d1jwHVN6rELFzEPb+CDqEjItAJ4/AqiP1Vp+Z/PBucLjM9EEonQMjQzqrkRV/Oy6cBXfSQDhXuSvftfl/zUCjg==",
      "dev": true
    },
    "@comunica/mediator-race": {
      "version": "1.15.0",
      "resolved": "https://registry.npmjs.org/@comunica/mediator-race/-/mediator-race-1.15.0.tgz",
      "integrity": "sha512-MVESJnkgSoPaCkNNN8RDm0B06d0JNL4QOvRZFuFETY4/D+OwIpcEf0EGButQsDUlelAk5n/sFssLMqo2tw65SA==",
      "dev": true
    },
    "@tsconfig/node12": {
      "version": "1.0.7",
      "resolved": "https://registry.npmjs.org/@tsconfig/node12/-/node12-1.0.7.tgz",
      "integrity": "sha512-dgasobK/Y0wVMswcipr3k0HpevxFJLijN03A8mYfEPvWvOs14v0ZlYTR4kIgMx8g4+fTyTFv8/jLCIfRqLDJ4A==",
      "dev": true
    },
    "@tsconfig/node14": {
      "version": "1.0.0",
      "resolved": "https://registry.npmjs.org/@tsconfig/node14/-/node14-1.0.0.tgz",
      "integrity": "sha512-RKkL8eTdPv6t5EHgFKIVQgsDapugbuOptNd9OOunN/HAkzmmTnZELx1kNCK0rSdUYGmiFMM3rRQMAWiyp023LQ==",
      "dev": true
    },
    "@types/ejs": {
      "version": "3.0.4",
      "resolved": "https://registry.npmjs.org/@types/ejs/-/ejs-3.0.4.tgz",
      "integrity": "sha512-ZxnwyBGO4KX/82AsFHTX82eMw0PsoBcIngEat+zx0y+3yxoNDJucAihg9nAcrc+g4Cwiv/4WcWsX4oiy0ySrRQ==",
      "dev": true
    },
    "@types/http-link-header": {
      "version": "1.0.1",
      "resolved": "https://registry.npmjs.org/@types/http-link-header/-/http-link-header-1.0.1.tgz",
      "integrity": "sha512-5h+Pqs4EHoMkY/fLva7XsYmh9IVQghQ6uWWil1FGCNI0WqjhI4g20doYsbT4kJ/G3GkAlQca4AIc9OexdUnzkg==",
      "dev": true
    },
    "@types/n3": {
      "version": "1.4.4",
      "resolved": "https://registry.npmjs.org/@types/n3/-/n3-1.4.4.tgz",
      "integrity": "sha512-xsWfwyDh0uAH0CXvwqe9vb2UEDafMjRez/pB7yZwbWpd9Olw2wdxaL32FtdHjmmFE6b9i+j249JfRyZnvWkoqg==",
      "dev": true,
      "requires": {
        "@types/node": "*",
        "@types/rdf-js": "*"
      }
    },
    "@types/node": {
      "version": "14.11.5",
      "resolved": "https://registry.npmjs.org/@types/node/-/node-14.11.5.tgz",
      "integrity": "sha512-jVFzDV6NTbrLMxm4xDSIW/gKnk8rQLF9wAzLWIOg+5nU6ACrIMndeBdXci0FGtqJbP9tQvm6V39eshc96TO2wQ==",
      "dev": true
    },
    "@types/parse-link-header": {
      "version": "1.0.0",
      "resolved": "https://registry.npmjs.org/@types/parse-link-header/-/parse-link-header-1.0.0.tgz",
      "integrity": "sha512-fCA3btjE7QFeRLfcD0Sjg+6/CnmC66HpMBoRfRzd2raTaWMJV21CCZ0LO8MOqf8onl5n0EPfjq4zDhbyX8SVwA==",
      "dev": true
    },
    "@types/rdf-js": {
      "version": "3.0.3",
      "resolved": "https://registry.npmjs.org/@types/rdf-js/-/rdf-js-3.0.3.tgz",
      "integrity": "sha512-1dvodNHh/YpLovHA/b046Nu+xERVt0KcYJFQH1A8S4ZcMj+stYtx4ypXw0X2/oatbREUo4JW+cjoBll3CVtwSQ==",
      "dev": true,
      "requires": {
        "@types/node": "*"
      }
    },
    "canonicalize": {
      "version": "1.0.3",
      "resolved": "https://registry.npmjs.org/canonicalize/-/canonicalize-1.0.3.tgz",
      "integrity": "sha512-QWAGweNicWIXzcl7skvUZQ/ArdecS8fOeudnjIU0LYqSdTOSBSap+0VPMas4u11cW3a9sN5AN/aJHQUGfdWLCw==",
      "dev": true
    },
    "cross-fetch": {
      "version": "3.0.6",
      "resolved": "https://registry.npmjs.org/cross-fetch/-/cross-fetch-3.0.6.tgz",
      "integrity": "sha512-KBPUbqgFjzWlVcURG+Svp9TlhA5uliYtiNx/0r8nv0pdypeQCRJ9IaSIc3q/x3q8t3F75cHuwxVql1HFGHCNJQ==",
      "dev": true,
      "requires": {
        "node-fetch": "2.6.1"
      }
    },
    "dom-serializer": {
      "version": "1.1.0",
      "resolved": "https://registry.npmjs.org/dom-serializer/-/dom-serializer-1.1.0.tgz",
      "integrity": "sha512-ox7bvGXt2n+uLWtCRLybYx60IrOlWL/aCebWJk1T0d4m3y2tzf4U3ij9wBMUb6YJZpz06HCCYuyCDveE2xXmzQ==",
      "dev": true,
      "requires": {
        "domelementtype": "^2.0.1",
        "domhandler": "^3.0.0",
        "entities": "^2.0.0"
      }
    },
    "domelementtype": {
      "version": "2.0.2",
      "resolved": "https://registry.npmjs.org/domelementtype/-/domelementtype-2.0.2.tgz",
      "integrity": "sha512-wFwTwCVebUrMgGeAwRL/NhZtHAUyT9n9yg4IMDwf10+6iCMxSkVq9MGCVEH+QZWo1nNidy8kNvwmv4zWHDTqvA==",
      "dev": true
    },
    "domhandler": {
      "version": "3.3.0",
      "resolved": "https://registry.npmjs.org/domhandler/-/domhandler-3.3.0.tgz",
      "integrity": "sha512-J1C5rIANUbuYK+FuFL98650rihynUOEzRLxW+90bKZRWB6A1X1Tf82GxR1qAWLyfNPRvjqfip3Q5tdYlmAa9lA==",
      "dev": true,
      "requires": {
        "domelementtype": "^2.0.1"
      }
    },
    "domutils": {
      "version": "2.4.2",
      "resolved": "https://registry.npmjs.org/domutils/-/domutils-2.4.2.tgz",
      "integrity": "sha512-NKbgaM8ZJOecTZsIzW5gSuplsX2IWW2mIK7xVr8hTQF2v1CJWTmLZ1HOCh5sH+IzVPAGE5IucooOkvwBRAdowA==",
      "dev": true,
      "requires": {
        "dom-serializer": "^1.0.1",
        "domelementtype": "^2.0.1",
        "domhandler": "^3.3.0"
      }
    },
    "entities": {
      "version": "2.0.3",
      "resolved": "https://registry.npmjs.org/entities/-/entities-2.0.3.tgz",
      "integrity": "sha512-MyoZ0jgnLvB2X3Lg5HqpFmn1kybDiIfEQmKzTb5apr51Rb+T3KdmMiqa70T+bhGnyv7bQ6WMj2QMHpGMmlrUYQ==",
      "dev": true
    },
    "follow-redirects": {
      "version": "1.13.0",
      "resolved": "https://registry.npmjs.org/follow-redirects/-/follow-redirects-1.13.0.tgz",
      "integrity": "sha512-aq6gF1BEKje4a9i9+5jimNFIpq4Q1WiwBToeRK5NvZBd/TRsmW8BsJfOEGkr76TbOyPVD3OVDN910EcUNtRYEA==",
      "dev": true
    },
    "htmlparser2": {
      "version": "4.1.0",
      "resolved": "https://registry.npmjs.org/htmlparser2/-/htmlparser2-4.1.0.tgz",
      "integrity": "sha512-4zDq1a1zhE4gQso/c5LP1OtrhYTncXNSpvJYtWJBtXAETPlMfi3IFNjGuQbYLuVY4ZR0QMqRVvo4Pdy9KLyP8Q==",
      "dev": true,
      "requires": {
        "domelementtype": "^2.0.1",
        "domhandler": "^3.0.0",
        "domutils": "^2.0.0",
        "entities": "^2.0.0"
      }
    },
    "http-link-header": {
      "version": "1.0.3",
      "resolved": "https://registry.npmjs.org/http-link-header/-/http-link-header-1.0.3.tgz",
      "integrity": "sha512-nARK1wSKoBBrtcoESlHBx36c1Ln/gnbNQi1eB6MeTUefJIT3NvUOsV15bClga0k38f0q/kN5xxrGSDS3EFnm9w==",
      "dev": true
    },
    "immutable": {
      "version": "3.8.2",
      "resolved": "https://registry.npmjs.org/immutable/-/immutable-3.8.2.tgz",
      "integrity": "sha1-wkOZUUVbs5kT2vKBN28VMOEErfM=",
      "dev": true
    },
    "inherits": {
      "version": "2.0.4",
      "resolved": "https://registry.npmjs.org/inherits/-/inherits-2.0.4.tgz",
      "integrity": "sha512-k/vGaX4/Yla3WzyMCvTQOXYeIHvqOKtnqBduzTHpzpQZzAskKMhZ2K+EnBiSM9zGSoIFeMpXKxa4dYeZIQqewQ==",
      "dev": true
    },
    "is-stream": {
      "version": "2.0.0",
      "resolved": "https://registry.npmjs.org/is-stream/-/is-stream-2.0.0.tgz",
      "integrity": "sha512-XCoy+WlUr7d1+Z8GgSuXmpuUFC9fOhRXglJMx+dwLKTkL44Cjd4W1Z5P+BQZpr+cR93aGP4S/s7Ftw6Nd/kiEw==",
      "dev": true
    },
    "jsonld-context-parser": {
      "version": "2.1.1",
      "resolved": "https://registry.npmjs.org/jsonld-context-parser/-/jsonld-context-parser-2.1.1.tgz",
      "integrity": "sha512-7yKhnwFaiCnDPUZYQuAWyT0zZBfOKZDyjtqFVNbXrYRkboU+m55UsastsfXbo7qNroTGdFiEyxHEHDEfBC0P4Q==",
      "dev": true,
      "requires": {
        "@types/http-link-header": "^1.0.1",
        "@types/node": "^13.1.0",
        "canonicalize": "^1.0.1",
        "cross-fetch": "^3.0.6",
        "http-link-header": "^1.0.2",
        "relative-to-absolute-iri": "^1.0.5"
      },
      "dependencies": {
        "@types/node": {
          "version": "13.13.23",
          "resolved": "https://registry.npmjs.org/@types/node/-/node-13.13.23.tgz",
          "integrity": "sha512-L31WmMJYKb15PDqFWutn8HNwrNK6CE6bkWgSB0dO1XpNoHrszVKV1Clcnfgd6c/oG54TVF8XQEvY2gQrW8K6Mw==",
          "dev": true
        }
      }
    },
    "jsonld-streaming-parser": {
      "version": "2.1.0",
      "resolved": "https://registry.npmjs.org/jsonld-streaming-parser/-/jsonld-streaming-parser-2.1.0.tgz",
      "integrity": "sha512-9Ks9Zb7eEK+3D9WAb5RPvjUJ57FD+/KG1F0HHszjJQtl7eyQKyujLWypblD66dmedjor+zdEjIF/oj+sqqn/Dw==",
      "dev": true,
      "requires": {
        "@types/http-link-header": "^1.0.1",
        "@types/rdf-js": "*",
        "canonicalize": "^1.0.1",
        "http-link-header": "^1.0.2",
        "jsonld-context-parser": "^2.0.1",
        "jsonparse": "^1.3.1",
        "rdf-data-factory": "^1.0.2"
      }
    },
    "jsonparse": {
      "version": "1.3.1",
      "resolved": "https://registry.npmjs.org/jsonparse/-/jsonparse-1.3.1.tgz",
      "integrity": "sha1-P02uSpH6wxX3EGL4UhzCOfE2YoA=",
      "dev": true
    },
    "n3": {
      "version": "1.6.3",
      "resolved": "https://registry.npmjs.org/n3/-/n3-1.6.3.tgz",
      "integrity": "sha512-dN+8pLw2h1H1WQTW9VR3T16tHPDYdQP+YKXzbcpBCMCb9ZkksUyoVRRdtFGl3vosdET+NIB5eiIgth+4Vit6Yw==",
      "dev": true,
      "requires": {
        "queue-microtask": "^1.1.2",
        "readable-stream": "^3.6.0"
      }
    },
    "node-fetch": {
      "version": "2.6.1",
      "resolved": "https://registry.npmjs.org/node-fetch/-/node-fetch-2.6.1.tgz",
      "integrity": "sha512-V4aYg89jEoVRxRb2fJdAg8FHvI7cEyYdVAh94HH0UIK8oJxUfkjlDQN9RbMx+bEjP7+ggMiFRprSti032Oipxw==",
      "dev": true
    },
    "parse-link-header": {
      "version": "1.0.1",
      "resolved": "https://registry.npmjs.org/parse-link-header/-/parse-link-header-1.0.1.tgz",
      "integrity": "sha1-vt/g0hGK64S+deewJUGeyKYRQKc=",
      "dev": true,
      "requires": {
        "xtend": "~4.0.1"
      }
    },
    "promise-polyfill": {
      "version": "1.1.6",
      "resolved": "https://registry.npmjs.org/promise-polyfill/-/promise-polyfill-1.1.6.tgz",
      "integrity": "sha1-zQTv9G9clcOn0EVZHXm14+AfEtc=",
      "dev": true
    },
    "queue-microtask": {
      "version": "1.1.4",
      "resolved": "https://registry.npmjs.org/queue-microtask/-/queue-microtask-1.1.4.tgz",
      "integrity": "sha512-eY/4Obve9cE5FK8YvC1cJsm5cr7XvAurul8UtBDJ2PR1p5NmAwHtvAt5ftcLtwYRCUKNhxCneZZlxmUDFoSeKA==",
      "dev": true
    },
    "rdf-data-factory": {
      "version": "1.0.3",
      "resolved": "https://registry.npmjs.org/rdf-data-factory/-/rdf-data-factory-1.0.3.tgz",
      "integrity": "sha512-Fm0E5JiGZl4vRK2qlMmmI/CEZeN/NgEWHyBmTmtFCyp/tAfb5veDfdB1ZqNRqR16pNHzDiPeKZmE7qCK3IehWA==",
      "dev": true,
      "requires": {
        "@types/rdf-js": "*"
      }
    },
    "rdf-parse": {
      "version": "1.5.0",
      "resolved": "https://registry.npmjs.org/rdf-parse/-/rdf-parse-1.5.0.tgz",
      "integrity": "sha512-NtX08vnqQNzzdpxztPKzZ9U88udXu/mi1OvSnmKrqnao+B2T7VhU1Bn3A0c4VNmQdBL6V0P337BvzaEs9sqJtw==",
      "dev": true,
      "requires": {
        "@comunica/actor-http-native": "~1.16.0",
        "@comunica/actor-rdf-parse-html": "~1.15.0",
        "@comunica/actor-rdf-parse-html-rdfa": "~1.15.0",
        "@comunica/actor-rdf-parse-html-script": "~1.16.1",
        "@comunica/actor-rdf-parse-jsonld": "~1.16.0",
        "@comunica/actor-rdf-parse-n3": "~1.15.0",
        "@comunica/actor-rdf-parse-rdfxml": "~1.15.0",
        "@comunica/actor-rdf-parse-xml-rdfa": "~1.15.0",
        "@comunica/bus-http": "~1.16.0",
        "@comunica/bus-init": "~1.15.0",
        "@comunica/bus-rdf-parse": "~1.15.0",
        "@comunica/bus-rdf-parse-html": "~1.15.0",
        "@comunica/core": "~1.15.0",
        "@comunica/mediator-combine-union": "~1.15.0",
        "@comunica/mediator-number": "~1.15.0",
        "@comunica/mediator-race": "~1.15.0",
        "@types/rdf-js": "^3.0.0",
        "stream-to-string": "^1.2.0"
      }
    },
    "rdf-store-stream": {
      "version": "1.1.0",
      "resolved": "https://registry.npmjs.org/rdf-store-stream/-/rdf-store-stream-1.1.0.tgz",
      "integrity": "sha512-JWvQUv/1yja1TiEzhS1PTactSER9ORjM/6TV8z3KdGWpeQOs9TeUgLzx5PLXSRePFZ8GKNTkG5dD+wC6Yh3sbQ==",
      "dev": true,
      "requires": {
        "@types/rdf-js": "*",
        "n3": "^1.6.3"
      }
    },
    "rdfa-streaming-parser": {
      "version": "1.3.0",
      "resolved": "https://registry.npmjs.org/rdfa-streaming-parser/-/rdfa-streaming-parser-1.3.0.tgz",
      "integrity": "sha512-4pM+PB5jbx3h1d751dlr7u/As5fDJSQzoR5O3OGF4lQb4M6P2+RucnXQhSN9dWtI7M3EKsnZHVq9fxAvOoiDdg==",
      "dev": true,
      "requires": {
        "@types/rdf-js": "*",
        "htmlparser2": "^4.0.0",
        "rdf-data-factory": "^1.0.2",
        "relative-to-absolute-iri": "^1.0.2"
      }
    },
    "rdfxml-streaming-parser": {
      "version": "1.4.0",
      "resolved": "https://registry.npmjs.org/rdfxml-streaming-parser/-/rdfxml-streaming-parser-1.4.0.tgz",
      "integrity": "sha512-/FKDCq4tuSWz8PZaaPxqIQpenEvRR3Gsqllqg4VmdPFN6WiWfbaD244cKASfXfQHt9Bw7tLsLHsmtA1isIPBCg==",
      "dev": true,
      "requires": {
        "@types/rdf-js": "*",
        "rdf-data-factory": "^1.0.2",
        "relative-to-absolute-iri": "^1.0.0",
        "sax": "^1.2.4"
      }
    },
    "readable-stream": {
      "version": "3.6.0",
      "resolved": "https://registry.npmjs.org/readable-stream/-/readable-stream-3.6.0.tgz",
      "integrity": "sha512-BViHy7LKeTz4oNnkcLJ+lVSL6vpiFeX6/d3oSH8zCW7UxP2onchk+vTGB143xuFjHS3deTgkKoXXymXqymiIdA==",
      "dev": true,
      "requires": {
        "inherits": "^2.0.3",
        "string_decoder": "^1.1.1",
        "util-deprecate": "^1.0.1"
      }
    },
    "readable-stream-node-to-web": {
      "version": "1.0.1",
      "resolved": "https://registry.npmjs.org/readable-stream-node-to-web/-/readable-stream-node-to-web-1.0.1.tgz",
      "integrity": "sha1-i3YU+qFGXr+g2pucpjA/onBzt88=",
      "dev": true
    },
    "relative-to-absolute-iri": {
      "version": "1.0.6",
      "resolved": "https://registry.npmjs.org/relative-to-absolute-iri/-/relative-to-absolute-iri-1.0.6.tgz",
      "integrity": "sha512-Xw5/Zx6iWSCMJUXwXVOjySjH8Xli4hVFL9QQFvkl1qEmFBG94J+QUI9emnoctOCD3285f1jNV+QWV9eDYwIdfQ==",
      "dev": true
    },
    "safe-buffer": {
      "version": "5.2.1",
      "resolved": "https://registry.npmjs.org/safe-buffer/-/safe-buffer-5.2.1.tgz",
      "integrity": "sha512-rp3So07KcdmmKbGvgaNxQSJr7bGVSVk5S9Eq1F+ppbRo70+YeaDxkw5Dd8NPN+GD6bjnYm2VuPuCXmpuYvmCXQ==",
      "dev": true
    },
    "sax": {
      "version": "1.2.4",
      "resolved": "https://registry.npmjs.org/sax/-/sax-1.2.4.tgz",
      "integrity": "sha512-NqVDv9TpANUjFm0N8uM5GxL36UgKi9/atZw+x7YFnQ8ckwFGKrl4xX4yWtrey3UJm5nP1kUbnYgLopqWNSRhWw==",
      "dev": true
    },
    "stream-to-string": {
      "version": "1.2.0",
      "resolved": "https://registry.npmjs.org/stream-to-string/-/stream-to-string-1.2.0.tgz",
      "integrity": "sha512-8drZlFIKBHSMdX9GCWv8V9AAWnQcTqw0iAI6/GC7UJ0H0SwKeFKjOoZfGY1tOU00GGU7FYZQoJ/ZCUEoXhD7yQ==",
      "dev": true,
      "requires": {
        "promise-polyfill": "^1.1.6"
      }
    },
    "string_decoder": {
      "version": "1.3.0",
      "resolved": "https://registry.npmjs.org/string_decoder/-/string_decoder-1.3.0.tgz",
      "integrity": "sha512-hkRX8U1WjJFd8LsDJ2yQ/wWWxaopEsABU1XfkM8A+j0+85JAGppt16cr1Whg6KIbb4okU6Mql6BOj+uup/wKeA==",
      "dev": true,
      "requires": {
        "safe-buffer": "~5.2.0"
      }
    },
    "typescript": {
      "version": "4.0.3",
      "resolved": "https://registry.npmjs.org/typescript/-/typescript-4.0.3.tgz",
      "integrity": "sha512-tEu6DGxGgRJPb/mVPIZ48e69xCn2yRmCgYmDugAVwmJ6o+0u1RI18eO7E7WBTLYLaEVVOhwQmcdhQHweux/WPg==",
      "dev": true
    },
    "util-deprecate": {
      "version": "1.0.2",
      "resolved": "https://registry.npmjs.org/util-deprecate/-/util-deprecate-1.0.2.tgz",
      "integrity": "sha1-RQ1Nyfpw3nMnYvvS1KKJgUGaDM8=",
      "dev": true
    },
    "web-streams-node": {
      "version": "0.4.0",
      "resolved": "https://registry.npmjs.org/web-streams-node/-/web-streams-node-0.4.0.tgz",
      "integrity": "sha512-u+PBQs8DFaBrN/bxCLFn21tO/ZP7EM3qA4FGzppoUCcZ5CaMbKOsN8uOp27ylVEsfrxcR2tsF6gWHI5M8bN73w==",
      "dev": true,
      "requires": {
        "is-stream": "^1.1.0",
        "readable-stream-node-to-web": "^1.0.1",
        "web-streams-ponyfill": "^1.4.1"
      },
      "dependencies": {
        "is-stream": {
          "version": "1.1.0",
          "resolved": "https://registry.npmjs.org/is-stream/-/is-stream-1.1.0.tgz",
          "integrity": "sha1-EtSj3U5o4Lec6428hBc66A2RykQ=",
          "dev": true
        }
      }
    },
    "web-streams-ponyfill": {
      "version": "1.4.2",
      "resolved": "https://registry.npmjs.org/web-streams-ponyfill/-/web-streams-ponyfill-1.4.2.tgz",
      "integrity": "sha512-LCHW+fE2UBJ2vjhqJujqmoxh1ytEDEr0dPO3CabMdMDJPKmsaxzS90V1Ar6LtNE5VHLqxR4YMEj1i4lzMAccIA==",
      "dev": true
    },
    "xtend": {
      "version": "4.0.2",
      "resolved": "https://registry.npmjs.org/xtend/-/xtend-4.0.2.tgz",
      "integrity": "sha512-LKYU1iAXJXUgAXn9URjiu+MWhyUXHsvfp7mcuYm9dSUKK0/CjtrUwFAxD82/mCWbtLsGjFIad0wIsod4zrTAEQ==",
      "dev": true
    }
  }
}
